
Microsoft Visual Studio Solution File, Format Version 12.00
# Visual Studio Version 16
VisualStudioVersion = 16.0.29806.167
MinimumVisualStudioVersion = 10.0.40219.1
Project("{FAE04EC0-301F-11D3-BF4B-00C04F79EFBC}") = "dataTypeConversion", "dataTypeConversion\dataTypeConversion.csproj", "{99DDC039-EA0C-4252-86E3-F410D19EA0DC}"
EndProject
Global
	GlobalSection(SolutionConfigurationPlatforms) = preSolution
		Debug|Any CPU = Debug|Any CPU
		Release|Any CPU = Release|Any CPU
	EndGlobalSection
	GlobalSection(ProjectConfigurationPlatforms) = postSolution
		{99DDC039-EA0C-4252-86E3-F410D19EA0DC}.Debug|Any CPU.ActiveCfg = Debug|Any CPU
		{99DDC039-EA0C-4252-86E3-F410D19EA0DC}.Debug|Any CPU.Build.0 = Debug|Any CPU
		{99DDC039-EA0C-4252-86E3-F410D19EA0DC}.Release|Any CPU.ActiveCfg = Release|Any CPU
		{99DDC039-EA0C-4252-86E3-F410D19EA0DC}.Release|Any CPU.Build.0 = Release|Any CPU
	EndGlobalSection
	GlobalSection(SolutionProperties) = preSolution
		HideSolutionNode = FALSE
	EndGlobalSection
	GlobalSection(ExtensibilityGlobals) = postSolution
		SolutionGuid = {0EACABFD-FD4E-4BD1-9A9A-CF639DB2EF87}
	EndGlobalSection
EndGlobal
